
Microsoft Visual Studio Solution File, Format Version 12.00
Project("{FAE04EC0-301F-11D3-BF4B-00C04F79EFBC}") = "DesignPatternsCourse2", "DesignPatternsCourse2\DesignPatternsCourse2.csproj", "{ECA61863-1C1D-441B-997E-8E0C51A99D84}"
EndProject
Global
	GlobalSection(SolutionConfigurationPlatforms) = preSolution
		Debug|Any CPU = Debug|Any CPU
		Release|Any CPU = Release|Any CPU
	EndGlobalSection
	GlobalSection(ProjectConfigurationPlatforms) = postSolution
		{ECA61863-1C1D-441B-997E-8E0C51A99D84}.Debug|Any CPU.ActiveCfg = Debug|Any CPU
		{ECA61863-1C1D-441B-997E-8E0C51A99D84}.Debug|Any CPU.Build.0 = Debug|Any CPU
		{ECA61863-1C1D-441B-997E-8E0C51A99D84}.Release|Any CPU.ActiveCfg = Release|Any CPU
		{ECA61863-1C1D-441B-997E-8E0C51A99D84}.Release|Any CPU.Build.0 = Release|Any CPU
	EndGlobalSection
EndGlobal
